
Microsoft Visual Studio Solution File, Format Version 12.00
# Visual Studio Version 16
VisualStudioVersion = 16.0.32002.261
MinimumVisualStudioVersion = 10.0.40219.1
Project("{8BC9CEB8-8B4A-11D0-8D11-00A0C91BC942}") = "Time_C", "Time_C\Time_C.vcxproj", "{AEE67DDB-F610-4323-8413-FB690F1F411C}"
EndProject
Global
	GlobalSection(SolutionConfigurationPlatforms) = preSolution
		Debug|x64 = Debug|x64
		Debug|x86 = Debug|x86
		Release|x64 = Release|x64
		Release|x86 = Release|x86
	EndGlobalSection
	GlobalSection(ProjectConfigurationPlatforms) = postSolution
		{AEE67DDB-F610-4323-8413-FB690F1F411C}.Debug|x64.ActiveCfg = Debug|x64
		{AEE67DDB-F610-4323-8413-FB690F1F411C}.Debug|x64.Build.0 = Debug|x64
		{AEE67DDB-F610-4323-8413-FB690F1F411C}.Debug|x86.ActiveCfg = Debug|Win32
		{AEE67DDB-F610-4323-8413-FB690F1F411C}.Debug|x86.Build.0 = Debug|Win32
		{AEE67DDB-F610-4323-8413-FB690F1F411C}.Release|x64.ActiveCfg = Release|x64
		{AEE67DDB-F610-4323-8413-FB690F1F411C}.Release|x64.Build.0 = Release|x64
		{AEE67DDB-F610-4323-8413-FB690F1F411C}.Release|x86.ActiveCfg = Release|Win32
		{AEE67DDB-F610-4323-8413-FB690F1F411C}.Release|x86.Build.0 = Release|Win32
	EndGlobalSection
	GlobalSection(SolutionProperties) = preSolution
		HideSolutionNode = FALSE
	EndGlobalSection
	GlobalSection(ExtensibilityGlobals) = postSolution
		SolutionGuid = {81E098D6-4932-4BDD-A9CF-EFE91364DC5D}
	EndGlobalSection
EndGlobal
